
Microsoft Visual Studio Solution File, Format Version 12.00
Project("{F2A71F9B-5D33-465A-A702-920D77279786}") = "DragonSharp.Core", "DragonSharp.Core\DragonSharp.Core.fsproj", "{962238CD-08F8-4B77-A942-71E443056455}"
EndProject
Project("{F2A71F9B-5D33-465A-A702-920D77279786}") = "DragonSharp", "DragonSharp\DragonSharp.fsproj", "{F39398B1-00C3-4603-9A7B-AF9361F522F5}"
EndProject
Global
	GlobalSection(SolutionConfigurationPlatforms) = preSolution
		Debug|Any CPU = Debug|Any CPU
		Release|Any CPU = Release|Any CPU
	EndGlobalSection
	GlobalSection(ProjectConfigurationPlatforms) = postSolution
		{962238CD-08F8-4B77-A942-71E443056455}.Debug|Any CPU.ActiveCfg = Debug|Any CPU
		{962238CD-08F8-4B77-A942-71E443056455}.Debug|Any CPU.Build.0 = Debug|Any CPU
		{962238CD-08F8-4B77-A942-71E443056455}.Release|Any CPU.ActiveCfg = Release|Any CPU
		{962238CD-08F8-4B77-A942-71E443056455}.Release|Any CPU.Build.0 = Release|Any CPU
		{F39398B1-00C3-4603-9A7B-AF9361F522F5}.Debug|Any CPU.ActiveCfg = Debug|Any CPU
		{F39398B1-00C3-4603-9A7B-AF9361F522F5}.Debug|Any CPU.Build.0 = Debug|Any CPU
		{F39398B1-00C3-4603-9A7B-AF9361F522F5}.Release|Any CPU.ActiveCfg = Release|Any CPU
		{F39398B1-00C3-4603-9A7B-AF9361F522F5}.Release|Any CPU.Build.0 = Release|Any CPU
	EndGlobalSection
EndGlobal
